PODS:
  - ConsistencyManager (8.0.0)

DEPENDENCIES:
  - ConsistencyManager (~> 8.0.0)

SPEC REPOS:
  https://github.com/cocoapods/specs.git:
    - ConsistencyManager

SPEC CHECKSUMS:
  ConsistencyManager: 72b8d918dfb257171fe45e994b45e3f38f6708fe

PODFILE CHECKSUM: d6b222e71d9bd556deaa65cc2bb16de3b0986e7a

COCOAPODS: 1.7.0.rc.1
