PODS:
  - ConsistencyManager (7.0.0)
  - PINCache (2.3)
  - RocketData (7.0.0):
    - ConsistencyManager (~> 7.0.0)

DEPENDENCIES:
  - PINCache
  - RocketData (from `..`)

SPEC REPOS:
  https://github.com/cocoapods/specs.git:
    - ConsistencyManager
    - PINCache

EXTERNAL SOURCES:
  RocketData:
    :path: ".."

SPEC CHECKSUMS:
  ConsistencyManager: f6209893e3974579109bf10b9df65fe1f024cc6f
  PINCache: ce36ed282031b92fc7733ffe831f474ff80fddc2
  RocketData: 75eb1312f5cbe20c5f2ff3ee2445dca90afc0f25

PODFILE CHECKSUM: cb6653d292a93b194174111d0be6bb93b45e1b23

COCOAPODS: 1.6.0.beta.1
